
Microsoft Visual Studio Solution File, Format Version 12.00
# Visual Studio Version 17
VisualStudioVersion = 17.2.32616.157
MinimumVisualStudioVersion = 10.0.40219.1
Project("{FAE04EC0-301F-11D3-BF4B-00C04F79EFBC}") = "Structures", "Structures\Structures.csproj", "{FA9ED052-E5B5-4332-8AB9-0D5302191F8E}"
EndProject
Global
	GlobalSection(SolutionConfigurationPlatforms) = preSolution
		Debug|Any CPU = Debug|Any CPU
		Release|Any CPU = Release|Any CPU
	EndGlobalSection
	GlobalSection(ProjectConfigurationPlatforms) = postSolution
		{FA9ED052-E5B5-4332-8AB9-0D5302191F8E}.Debug|Any CPU.ActiveCfg = Debug|Any CPU
		{FA9ED052-E5B5-4332-8AB9-0D5302191F8E}.Debug|Any CPU.Build.0 = Debug|Any CPU
		{FA9ED052-E5B5-4332-8AB9-0D5302191F8E}.Release|Any CPU.ActiveCfg = Release|Any CPU
		{FA9ED052-E5B5-4332-8AB9-0D5302191F8E}.Release|Any CPU.Build.0 = Release|Any CPU
	EndGlobalSection
	GlobalSection(SolutionProperties) = preSolution
		HideSolutionNode = FALSE
	EndGlobalSection
	GlobalSection(ExtensibilityGlobals) = postSolution
		SolutionGuid = {F15EBCD0-038E-45D4-AAC2-7921D458B649}
	EndGlobalSection
EndGlobal
